
Microsoft Visual Studio Solution File, Format Version 12.00
# Visual Studio Version 16
VisualStudioVersion = 25.0.1700.4
MinimumVisualStudioVersion = 10.0.40219.1
Project("{FAE04EC0-301F-11D3-BF4B-00C04F79EFBC}") = "MultiArrays", "MultiArrays\MultiArrays.csproj", "{23DF609F-CD8F-4C1F-9123-54FF9951A0D5}"
EndProject
Global
	GlobalSection(SolutionConfigurationPlatforms) = preSolution
		Debug|Any CPU = Debug|Any CPU
		Release|Any CPU = Release|Any CPU
	EndGlobalSection
	GlobalSection(ProjectConfigurationPlatforms) = postSolution
		{23DF609F-CD8F-4C1F-9123-54FF9951A0D5}.Debug|Any CPU.ActiveCfg = Debug|Any CPU
		{23DF609F-CD8F-4C1F-9123-54FF9951A0D5}.Debug|Any CPU.Build.0 = Debug|Any CPU
		{23DF609F-CD8F-4C1F-9123-54FF9951A0D5}.Release|Any CPU.ActiveCfg = Release|Any CPU
		{23DF609F-CD8F-4C1F-9123-54FF9951A0D5}.Release|Any CPU.Build.0 = Release|Any CPU
	EndGlobalSection
	GlobalSection(SolutionProperties) = preSolution
		HideSolutionNode = FALSE
	EndGlobalSection
	GlobalSection(ExtensibilityGlobals) = postSolution
		SolutionGuid = {0FCAD2A1-8A89-406F-9504-EBD9E9BD1CD5}
	EndGlobalSection
EndGlobal
